<?xml version="1.0" encoding="utf-8"?>
<Project ToolsVersion="4.0" xmlns="http://schemas.microsoft.com/developer/msbuild/2003">
  <ItemGroup>
    <Filter Include="소스 파일">
      <UniqueIdentifier>{4FC737F1-C7A5-4376-A066-2A32D752A2FF}</UniqueIdentifier>
      <Extensions>cpp;c;cc;cxx;c++;cppm;ixx;def;odl;idl;hpj;bat;asm;asmx</Extensions>
    </Filter>
    <Filter Include="헤더 파일">
      <UniqueIdentifier>{93995380-89BD-4b04-88EB-625FBE52EBFB}</UniqueIdentifier>
      <Extensions>h;hh;hpp;hxx;h++;hm;inl;inc;ipp;xsd</Extensions>
    </Filter>
    <Filter Include="리소스 파일">
      <UniqueIdentifier>{67DA6AB6-F800-4c08-8B7A-83BB121AAD01}</UniqueIdentifier>
      <Extensions>rc;ico;cur;bmp;dlg;rc2;rct;bin;rgs;gif;jpg;jpeg;jpe;resx;tiff;tif;png;wav;mfcribbon-ms</Extensions>
    </Filter>
    <Filter Include="00. MainApp">
      <UniqueIdentifier>{f78fba57-93cc-4793-b7c2-3c0cb24f4833}</UniqueIdentifier>
    </Filter>
    <Filter Include="99. Include">
      <UniqueIdentifier>{cb62c8ec-037b-41c1-a961-c96b2715a3df}</UniqueIdentifier>
    </Filter>
    <Filter Include="01. Manager">
      <UniqueIdentifier>{735b7ac3-c3dd-472b-8993-c373d187c156}</UniqueIdentifier>
    </Filter>
    <Filter Include="01. Manager\00. DataManager">
      <UniqueIdentifier>{d0e9b4d4-ca55-4d5c-94e0-2dd89dffebf0}</UniqueIdentifier>
    </Filter>
    <Filter Include="02. Scene">
      <UniqueIdentifier>{eb60163d-5b2f-48d1-8e74-37d6dcb468ce}</UniqueIdentifier>
    </Filter>
    <Filter Include="03. GameObject">
      <UniqueIdentifier>{50adc02b-e03a-4a95-90c6-e0ea22908501}</UniqueIdentifier>
    </Filter>
    <Filter Include="03. GameObject\00. DynamicCamera">
      <UniqueIdentifier>{49efe80d-2436-4e67-b372-e90202bbf0cb}</UniqueIdentifier>
    </Filter>
    <Filter Include="98. ImGui">
      <UniqueIdentifier>{60e9193a-3115-499e-95eb-7af4dfeaf6ed}</UniqueIdentifier>
    </Filter>
    <Filter Include="98. ImGui\EX_Object">
      <UniqueIdentifier>{fea0d948-d12d-4183-9274-7f1b311144eb}</UniqueIdentifier>
    </Filter>
    <Filter Include="98. ImGui\EX_Manager">
      <UniqueIdentifier>{8c1d9181-9337-446c-b4a4-fe6f408b29da}</UniqueIdentifier>
    </Filter>
    <Filter Include="02. Scene\CEditScene">
      <UniqueIdentifier>{e9370153-4960-448f-859d-9cca4f9908f3}</UniqueIdentifier>
    </Filter>
    <Filter Include="98. ImGui\Code">
      <UniqueIdentifier>{5d377977-b947-4ddb-ad60-e4b029adba34}</UniqueIdentifier>
    </Filter>
    <Filter Include="02. Scene\07. PlayerTestScene">
      <UniqueIdentifier>{f7f4f60e-af65-4766-802a-b1956ec24339}</UniqueIdentifier>
    </Filter>
    <Filter Include="03. GameObject\01. Player">
      <UniqueIdentifier>{29a71569-598b-4100-b888-71b07937c4c8}</UniqueIdentifier>
    </Filter>
    <Filter Include="03. GameObject\TerrainVillage">
      <UniqueIdentifier>{236a37f5-3f27-474d-bca3-c41c86a47850}</UniqueIdentifier>
    </Filter>
    <Filter Include="Utility">
      <UniqueIdentifier>{dd585d7f-ea1b-496c-a1b0-8749e04611a6}</UniqueIdentifier>
    </Filter>
  </ItemGroup>
  <ItemGroup>
    <ClInclude Include="framework.h">
      <Filter>99. Include</Filter>
    </ClInclude>
    <ClInclude Include="Moonlighter.h">
      <Filter>99. Include</Filter>
    </ClInclude>
    <ClInclude Include="pch.h">
      <Filter>99. Include</Filter>
    </ClInclude>
    <ClInclude Include="Resource.h">
      <Filter>99. Include</Filter>
    </ClInclude>
    <ClInclude Include="targetver.h">
      <Filter>99. Include</Filter>
    </ClInclude>
    <ClInclude Include="..\Header\CMainApp.h">
      <Filter>00. MainApp</Filter>
    </ClInclude>
    <ClInclude Include="..\Header\CDataManager.h">
      <Filter>01. Manager\00. DataManager</Filter>
    </ClInclude>
    <ClInclude Include="..\Header\CMainScene.h">
      <Filter>02. Scene</Filter>
    </ClInclude>
    <ClInclude Include="..\Header\CDynamicCamera.h">
      <Filter>03. GameObject\00. DynamicCamera</Filter>
    </ClInclude>
    <ClInclude Include="..\Header\CTestRect.h">
      <Filter>03. GameObject</Filter>
    </ClInclude>
    <ClInclude Include="..\Header\CExampleObject.h">
      <Filter>98. ImGui\EX_Object</Filter>
    </ClInclude>
    <ClInclude Include="..\Header\CExampleManager.h">
      <Filter>98. ImGui\EX_Manager</Filter>
    </ClInclude>
    <ClInclude Include="..\Header\CEditScene.h">
      <Filter>02. Scene\CEditScene</Filter>
    </ClInclude>
    <ClInclude Include="..\..\Reference\Header\imconfig.h">
      <Filter>98. ImGui\Code</Filter>
    </ClInclude>
    <ClInclude Include="..\..\Reference\Header\imgui.h">
      <Filter>98. ImGui\Code</Filter>
    </ClInclude>
    <ClInclude Include="..\..\Reference\Header\ImGui_Define.h">
      <Filter>98. ImGui\Code</Filter>
    </ClInclude>
    <ClInclude Include="..\..\Reference\Header\imgui_impl_dx9.h">
      <Filter>98. ImGui\Code</Filter>
    </ClInclude>
    <ClInclude Include="..\..\Reference\Header\imgui_impl_win32.h">
      <Filter>98. ImGui\Code</Filter>
    </ClInclude>
    <ClInclude Include="..\..\Reference\Header\imgui_internal.h">
      <Filter>98. ImGui\Code</Filter>
    </ClInclude>
    <ClInclude Include="..\..\Reference\Header\ImGui_Struct.h">
      <Filter>98. ImGui\Code</Filter>
    </ClInclude>
    <ClInclude Include="..\..\Reference\Header\imstb_rectpack.h">
      <Filter>98. ImGui\Code</Filter>
    </ClInclude>
    <ClInclude Include="..\..\Reference\Header\imstb_textedit.h">
      <Filter>98. ImGui\Code</Filter>
    </ClInclude>
    <ClInclude Include="..\..\Reference\Header\imstb_truetype.h">
      <Filter>98. ImGui\Code</Filter>
    </ClInclude>
    <ClInclude Include="..\Header\CPlayerTestScene.h">
      <Filter>02. Scene\07. PlayerTestScene</Filter>
    </ClInclude>
    <ClInclude Include="..\Header\CPlayer.h">
      <Filter>03. GameObject\01. Player</Filter>
    </ClInclude>
    <ClInclude Include="..\Header\CTerrainVillage.h">
      <Filter>03. GameObject\TerrainVillage</Filter>
    </ClInclude>
    <ClInclude Include="..\Header\CUtility.h">
      <Filter>Utility</Filter>
    </ClInclude>
  </ItemGroup>
  <ItemGroup>
    <ClCompile Include="Moonlighter.cpp">
      <Filter>99. Include</Filter>
    </ClCompile>
    <ClCompile Include="pch.cpp">
      <Filter>99. Include</Filter>
    </ClCompile>
    <ClCompile Include="..\Code\CMainApp.cpp">
      <Filter>00. MainApp</Filter>
    </ClCompile>
    <ClCompile Include="..\Code\CDataManager.cpp">
      <Filter>01. Manager\00. DataManager</Filter>
    </ClCompile>
    <ClCompile Include="..\Code\CMainScene.cpp">
      <Filter>02. Scene</Filter>
    </ClCompile>
    <ClCompile Include="..\Code\CDynamicCamera.cpp">
      <Filter>03. GameObject\00. DynamicCamera</Filter>
    </ClCompile>
    <ClCompile Include="..\Code\CTestRect.cpp">
      <Filter>03. GameObject</Filter>
    </ClCompile>
    <ClCompile Include="..\Code\CExampleObject.cpp">
      <Filter>98. ImGui\EX_Object</Filter>
    </ClCompile>
    <ClCompile Include="..\Code\CExampleManager.cpp">
      <Filter>98. ImGui\EX_Manager</Filter>
    </ClCompile>
    <ClCompile Include="..\Code\CEditScene.cpp">
      <Filter>02. Scene\CEditScene</Filter>
    </ClCompile>
    <ClCompile Include="..\..\Reference\Header\imgui.cpp">
      <Filter>98. ImGui\Code</Filter>
    </ClCompile>
    <ClCompile Include="..\..\Reference\Header\imgui_demo.cpp">
      <Filter>98. ImGui\Code</Filter>
    </ClCompile>
    <ClCompile Include="..\..\Reference\Header\imgui_draw.cpp">
      <Filter>98. ImGui\Code</Filter>
    </ClCompile>
    <ClCompile Include="..\..\Reference\Header\imgui_impl_dx9.cpp">
      <Filter>98. ImGui\Code</Filter>
    </ClCompile>
    <ClCompile Include="..\..\Reference\Header\imgui_impl_win32.cpp">
      <Filter>98. ImGui\Code</Filter>
    </ClCompile>
    <ClCompile Include="..\..\Reference\Header\imgui_tables.cpp">
      <Filter>98. ImGui\Code</Filter>
    </ClCompile>
    <ClCompile Include="..\..\Reference\Header\imgui_widgets.cpp">
      <Filter>98. ImGui\Code</Filter>
    </ClCompile>
    <ClCompile Include="..\Code\CPlayerTestScene.cpp">
      <Filter>02. Scene\07. PlayerTestScene</Filter>
    </ClCompile>
    <ClCompile Include="..\Code\CPlayer.cpp">
      <Filter>03. GameObject\01. Player</Filter>
    </ClCompile>
    <ClCompile Include="..\Code\CTerrainVillage.cpp">
      <Filter>03. GameObject\TerrainVillage</Filter>
    </ClCompile>
  </ItemGroup>
  <ItemGroup>
    <ResourceCompile Include="Moonlighter.rc">
      <Filter>리소스 파일</Filter>
    </ResourceCompile>
  </ItemGroup>
  <ItemGroup>
    <Image Include="small.ico">
      <Filter>리소스 파일</Filter>
    </Image>
    <Image Include="Moonlighter.ico">
      <Filter>리소스 파일</Filter>
    </Image>
  </ItemGroup>
</Project>