<?xml version="1.0" encoding="utf-8"?>
<Project ToolsVersion="4.0" xmlns="http://schemas.microsoft.com/developer/msbuild/2003">
  <ItemGroup>
    <Filter Include="소스 파일">
      <UniqueIdentifier>{4FC737F1-C7A5-4376-A066-2A32D752A2FF}</UniqueIdentifier>
      <Extensions>cpp;c;cc;cxx;c++;cppm;ixx;def;odl;idl;hpj;bat;asm;asmx</Extensions>
    </Filter>
    <Filter Include="헤더 파일">
      <UniqueIdentifier>{93995380-89BD-4b04-88EB-625FBE52EBFB}</UniqueIdentifier>
      <Extensions>h;hh;hpp;hxx;h++;hm;inl;inc;ipp;xsd</Extensions>
    </Filter>
    <Filter Include="리소스 파일">
      <UniqueIdentifier>{67DA6AB6-F800-4c08-8B7A-83BB121AAD01}</UniqueIdentifier>
      <Extensions>rc;ico;cur;bmp;dlg;rc2;rct;bin;rgs;gif;jpg;jpeg;jpe;resx;tiff;tif;png;wav;mfcribbon-ms</Extensions>
    </Filter>
    <Filter Include="00. MainApp">
      <UniqueIdentifier>{f78fba57-93cc-4793-b7c2-3c0cb24f4833}</UniqueIdentifier>
    </Filter>
    <Filter Include="99. Include">
      <UniqueIdentifier>{cb62c8ec-037b-41c1-a961-c96b2715a3df}</UniqueIdentifier>
    </Filter>
    <Filter Include="01. Manager">
      <UniqueIdentifier>{735b7ac3-c3dd-472b-8993-c373d187c156}</UniqueIdentifier>
    </Filter>
    <Filter Include="01. Manager\00. DataManager">
      <UniqueIdentifier>{d0e9b4d4-ca55-4d5c-94e0-2dd89dffebf0}</UniqueIdentifier>
    </Filter>
    <Filter Include="02. Scene">
      <UniqueIdentifier>{eb60163d-5b2f-48d1-8e74-37d6dcb468ce}</UniqueIdentifier>
    </Filter>
    <Filter Include="03. GameObject">
      <UniqueIdentifier>{50adc02b-e03a-4a95-90c6-e0ea22908501}</UniqueIdentifier>
    </Filter>
    <Filter Include="03. GameObject\00. DynamicCamera">
      <UniqueIdentifier>{49efe80d-2436-4e67-b372-e90202bbf0cb}</UniqueIdentifier>
    </Filter>
    <Filter Include="98. ImGui">
      <UniqueIdentifier>{60e9193a-3115-499e-95eb-7af4dfeaf6ed}</UniqueIdentifier>
    </Filter>
    <Filter Include="98. ImGui\EX_Object">
      <UniqueIdentifier>{fea0d948-d12d-4183-9274-7f1b311144eb}</UniqueIdentifier>
    </Filter>
    <Filter Include="98. ImGui\EX_Manager">
      <UniqueIdentifier>{8c1d9181-9337-446c-b4a4-fe6f408b29da}</UniqueIdentifier>
    </Filter>
    <Filter Include="02. Scene\CEditScene">
      <UniqueIdentifier>{e9370153-4960-448f-859d-9cca4f9908f3}</UniqueIdentifier>
    </Filter>
    <Filter Include="98. ImGui\Code">
      <UniqueIdentifier>{5d377977-b947-4ddb-ad60-e4b029adba34}</UniqueIdentifier>
    </Filter>
    <Filter Include="02. Scene\07. PlayerTestScene">
      <UniqueIdentifier>{f7f4f60e-af65-4766-802a-b1956ec24339}</UniqueIdentifier>
    </Filter>
    <Filter Include="03. GameObject\01. Player">
      <UniqueIdentifier>{29a71569-598b-4100-b888-71b07937c4c8}</UniqueIdentifier>
    </Filter>
    <Filter Include="03. GameObject\10. UI">
      <UniqueIdentifier>{cb561ffc-cd0f-452e-bc6b-597dc91551aa}</UniqueIdentifier>
    </Filter>
    <Filter Include="02. Scene\08. UITestScene">
      <UniqueIdentifier>{94731203-deb5-4cdd-bc22-e3398f03bfb0}</UniqueIdentifier>
    </Filter>
    <Filter Include="소스 파일\헤더 파일">
      <UniqueIdentifier>{93995380-89BD-4b04-88EB-625FBE52EBFB}</UniqueIdentifier>
      <Extensions>h;hh;hpp;hxx;h++;hm;inl;inc;ipp;xsd</Extensions>
    </Filter>
    <Filter Include="03. GameObject\TerrainVillage">
      <UniqueIdentifier>{236a37f5-3f27-474d-bca3-c41c86a47850}</UniqueIdentifier>
    </Filter>
    <Filter Include="98. ImGui\Mediator">
      <UniqueIdentifier>{64f31833-3464-4550-a9ac-ddc3d9792578}</UniqueIdentifier>
    </Filter>
    <Filter Include="02. Scene\03. MonsterTestScene">
      <UniqueIdentifier>{e91f5b4e-ec6e-46f8-a3b5-90882e88a029}</UniqueIdentifier>
    </Filter>
    <Filter Include="03. GameObject\02. Monster">
      <UniqueIdentifier>{abb3af13-14a8-4afc-9a49-93b1a5ed350a}</UniqueIdentifier>
    </Filter>
    <Filter Include="03. GameObject\02. Monster\00. Boss">
      <UniqueIdentifier>{64c5c5a7-ae86-4518-92ec-3b03623024e8}</UniqueIdentifier>
    </Filter>
    <Filter Include="03. GameObject\02. Monster\01. Tree">
      <UniqueIdentifier>{1640c762-15b8-4557-8ae4-4988911d6fe6}</UniqueIdentifier>
    </Filter>
    <Filter Include="97. StateMachine">
      <UniqueIdentifier>{28e75f8d-8cc8-4fbc-a048-165a46624d73}</UniqueIdentifier>
    </Filter>
    <Filter Include="97. StateMachine\00. State">
      <UniqueIdentifier>{d5545231-28cd-442e-a4f5-1712f658023d}</UniqueIdentifier>
    </Filter>
    <Filter Include="97. StateMachine\01. StateMachine">
      <UniqueIdentifier>{67fb3ed9-cd0e-48c6-b957-7e7e1a820976}</UniqueIdentifier>
    </Filter>
    <Filter Include="97. StateMachine\03. MonsterState">
      <UniqueIdentifier>{189b08f2-81da-4052-81f2-5ccf552aa5ef}</UniqueIdentifier>
    </Filter>
    <Filter Include="리소스 파일">
      <UniqueIdentifier>{67DA6AB6-F800-4c08-8B7A-83BB121AAD01}</UniqueIdentifier>
      <Extensions>rc;ico;cur;bmp;dlg;rc2;rct;bin;rgs;gif;jpg;jpeg;jpe;resx;tiff;tif;png;wav;mfcribbon-ms</Extensions>
    </Filter>
    <Filter Include="03. GameObject\99. Entity">
      <UniqueIdentifier>{2e8ca6d0-adeb-4e64-8dd6-89f29ff39ab5}</UniqueIdentifier>
    </Filter>
    <Filter Include="03. GameObject\02. Monster\02. Slime">
      <UniqueIdentifier>{0ae6b442-4ba8-471f-9f0c-a13d0096f8ed}</UniqueIdentifier>
    </Filter>
    <Filter Include="03. GameObject\02. Monster\03. Sheeder">
      <UniqueIdentifier>{f2168696-49f1-48c7-9141-3b3a72dfbc76}</UniqueIdentifier>
    </Filter>
    <Filter Include="03. GameObject\02. Monster\02. Slime\01. SlimeState">
      <UniqueIdentifier>{20d4b1c0-8442-4da6-8f23-eaa59cbecea1}</UniqueIdentifier>
    </Filter>
    <Filter Include="03. GameObject\02. Monster\02. Slime\00. SlimeStateMachine">
      <UniqueIdentifier>{4c118963-4fbc-4ec9-8079-007ee7766f78}</UniqueIdentifier>
    </Filter>
    <Filter Include="03. GameObject\02. Monster\01. Tree\01. TreeState">
      <UniqueIdentifier>{5b73b49f-3e66-43a3-ae30-cd75a426ca3b}</UniqueIdentifier>
    </Filter>
    <Filter Include="03. GameObject\02. Monster\01. Tree\00. TreeStateMachine">
      <UniqueIdentifier>{3d925e36-c4cc-4470-b58a-c2cd1844e05b}</UniqueIdentifier>
    </Filter>
    <Filter Include="03. GameObject\02. Monster\00. Boss\01. BossState">
      <UniqueIdentifier>{3673b610-4466-4960-855f-a810afa7e3c3}</UniqueIdentifier>
    </Filter>
    <Filter Include="03. GameObject\02. Monster\00. Boss\00. BossStateMachine">
      <UniqueIdentifier>{453d39b8-855a-4ff5-81b4-b21ad38ca20f}</UniqueIdentifier>
    </Filter>
    <Filter Include="03. GameObject\99. Entity\00. EntityComponent">
      <UniqueIdentifier>{59c2c4b0-667f-45bb-97c5-e24c57d404cd}</UniqueIdentifier>
    </Filter>
    <Filter Include="97. Loading">
      <UniqueIdentifier>{75a6cdc1-e405-47e9-bd43-4c9814b46055}</UniqueIdentifier>
    </Filter>
    <Filter Include="96. Utility">
      <UniqueIdentifier>{dd585d7f-ea1b-496c-a1b0-8749e04611a6}</UniqueIdentifier>
    </Filter>
    <Filter Include="03. GameObject\02. Monster\03. Sheeder\00. SheederStateMachine">
      <UniqueIdentifier>{e6dc9c52-8c71-46e4-8f93-2ed68a49bddf}</UniqueIdentifier>
    </Filter>
    <Filter Include="03. GameObject\02. Monster\03. Sheeder\01. SheederState">
      <UniqueIdentifier>{e84c3397-6465-4053-8b61-a6375e6aaff6}</UniqueIdentifier>
    </Filter>
  </ItemGroup>
  <ItemGroup>
    <ClInclude Include="framework.h">
      <Filter>99. Include</Filter>
    </ClInclude>
    <ClInclude Include="Moonlighter.h">
      <Filter>99. Include</Filter>
    </ClInclude>
    <ClInclude Include="pch.h">
      <Filter>99. Include</Filter>
    </ClInclude>
    <ClInclude Include="Resource.h">
      <Filter>99. Include</Filter>
    </ClInclude>
    <ClInclude Include="targetver.h">
      <Filter>99. Include</Filter>
    </ClInclude>
    <ClInclude Include="..\Header\CMainApp.h">
      <Filter>00. MainApp</Filter>
    </ClInclude>
    <ClInclude Include="..\Header\CDataManager.h">
      <Filter>01. Manager\00. DataManager</Filter>
    </ClInclude>
    <ClInclude Include="..\Header\CMainScene.h">
      <Filter>02. Scene</Filter>
    </ClInclude>
    <ClInclude Include="..\Header\CDynamicCamera.h">
      <Filter>03. GameObject\00. DynamicCamera</Filter>
    </ClInclude>
    <ClInclude Include="..\Header\CTestRect.h">
      <Filter>03. GameObject</Filter>
    </ClInclude>
    <ClInclude Include="..\Header\CExampleObject.h">
      <Filter>98. ImGui\EX_Object</Filter>
    </ClInclude>
    <ClInclude Include="..\Header\CExampleManager.h">
      <Filter>98. ImGui\EX_Manager</Filter>
    </ClInclude>
    <ClInclude Include="..\Header\CEditScene.h">
      <Filter>02. Scene\CEditScene</Filter>
    </ClInclude>
    <ClInclude Include="..\..\Reference\Header\imconfig.h">
      <Filter>98. ImGui\Code</Filter>
    </ClInclude>
    <ClInclude Include="..\..\Reference\Header\imgui.h">
      <Filter>98. ImGui\Code</Filter>
    </ClInclude>
    <ClInclude Include="..\..\Reference\Header\ImGui_Define.h">
      <Filter>98. ImGui\Code</Filter>
    </ClInclude>
    <ClInclude Include="..\..\Reference\Header\imgui_impl_dx9.h">
      <Filter>98. ImGui\Code</Filter>
    </ClInclude>
    <ClInclude Include="..\..\Reference\Header\imgui_impl_win32.h">
      <Filter>98. ImGui\Code</Filter>
    </ClInclude>
    <ClInclude Include="..\..\Reference\Header\imgui_internal.h">
      <Filter>98. ImGui\Code</Filter>
    </ClInclude>
    <ClInclude Include="..\..\Reference\Header\ImGui_Struct.h">
      <Filter>98. ImGui\Code</Filter>
    </ClInclude>
    <ClInclude Include="..\..\Reference\Header\imstb_rectpack.h">
      <Filter>98. ImGui\Code</Filter>
    </ClInclude>
    <ClInclude Include="..\..\Reference\Header\imstb_textedit.h">
      <Filter>98. ImGui\Code</Filter>
    </ClInclude>
    <ClInclude Include="..\..\Reference\Header\imstb_truetype.h">
      <Filter>98. ImGui\Code</Filter>
    </ClInclude>
    <ClInclude Include="..\Header\CPlayerTestScene.h">
      <Filter>02. Scene\07. PlayerTestScene</Filter>
    </ClInclude>
    <ClInclude Include="..\Header\CPlayer.h">
      <Filter>03. GameObject\01. Player</Filter>
    </ClInclude>
    <ClInclude Include="..\Header\CUIInven.h">
      <Filter>03. GameObject\10. UI</Filter>
    </ClInclude>
    <ClInclude Include="..\Header\CUITestScene.h">
      <Filter>02. Scene\08. UITestScene</Filter>
    </ClInclude>
    <ClInclude Include="..\Header\CUIStatic.h">
      <Filter>03. GameObject\10. UI</Filter>
    </ClInclude>
    <ClInclude Include="..\Header\CTerrainVillage.h">
      <Filter>03. GameObject\TerrainVillage</Filter>
    </ClInclude>
    <ClInclude Include="..\Header\CUtility.h">
      <Filter>96. Utility</Filter>
    </ClInclude>
    <ClInclude Include="..\Header\CEngineMediator.h">
      <Filter>98. ImGui\Mediator</Filter>
    </ClInclude>
    <ClInclude Include="Client_Define.h">
      <Filter>99. Include</Filter>
    </ClInclude>
    <ClInclude Include="..\Header\CMonsterTestScene.h">
      <Filter>02. Scene\03. MonsterTestScene</Filter>
    </ClInclude>
    <ClInclude Include="..\Header\CBoss.h">
      <Filter>03. GameObject\02. Monster\00. Boss</Filter>
    </ClInclude>
    <ClInclude Include="..\Header\CLoading.h">
      <Filter>97. Loading</Filter>
    </ClInclude>
    <ClInclude Include="..\Header\CBossStateMachine.h">
      <Filter>03. GameObject\02. Monster\00. Boss\00. BossStateMachine</Filter>
    </ClInclude>
    <ClInclude Include="..\Header\CBossAwakeState.h">
      <Filter>03. GameObject\02. Monster\00. Boss\01. BossState</Filter>
    </ClInclude>
    <ClInclude Include="..\Header\CBossDeadState.h">
      <Filter>03. GameObject\02. Monster\00. Boss\01. BossState</Filter>
    </ClInclude>
    <ClInclude Include="..\Header\CBossIdleState.h">
      <Filter>03. GameObject\02. Monster\00. Boss\01. BossState</Filter>
    </ClInclude>
    <ClInclude Include="..\Header\CBossJumpState.h">
      <Filter>03. GameObject\02. Monster\00. Boss\01. BossState</Filter>
    </ClInclude>
    <ClInclude Include="..\Header\CBossRootState.h">
      <Filter>03. GameObject\02. Monster\00. Boss\01. BossState</Filter>
    </ClInclude>
    <ClInclude Include="..\Header\CBossShakeState.h">
      <Filter>03. GameObject\02. Monster\00. Boss\01. BossState</Filter>
    </ClInclude>
    <ClInclude Include="..\Header\CBossThrowState.h">
      <Filter>03. GameObject\02. Monster\00. Boss\01. BossState</Filter>
    </ClInclude>
    <ClInclude Include="..\Header\CBossWalkState.h">
      <Filter>03. GameObject\02. Monster\00. Boss\01. BossState</Filter>
    </ClInclude>
    <ClInclude Include="..\Header\CTreeStateMachine.h">
      <Filter>03. GameObject\02. Monster\01. Tree\00. TreeStateMachine</Filter>
    </ClInclude>
    <ClInclude Include="..\Header\CTreeAwakeState.h">
      <Filter>03. GameObject\02. Monster\01. Tree\01. TreeState</Filter>
    </ClInclude>
    <ClInclude Include="..\Header\CTreeIdleState.h">
      <Filter>03. GameObject\02. Monster\01. Tree\01. TreeState</Filter>
    </ClInclude>
    <ClInclude Include="..\Header\CTreeMob.h">
      <Filter>03. GameObject\02. Monster\01. Tree\01. TreeState</Filter>
    </ClInclude>
    <ClInclude Include="..\Header\CTreeShakeState.h">
      <Filter>03. GameObject\02. Monster\01. Tree\01. TreeState</Filter>
    </ClInclude>
    <ClInclude Include="..\Header\CSlimeStateMachine.h">
      <Filter>03. GameObject\02. Monster\02. Slime\00. SlimeStateMachine</Filter>
    </ClInclude>
    <ClInclude Include="..\Header\CSlimeBigState.h">
      <Filter>03. GameObject\02. Monster\02. Slime\01. SlimeState</Filter>
    </ClInclude>
    <ClInclude Include="..\Header\CSlimeCircleState.h">
      <Filter>03. GameObject\02. Monster\02. Slime\01. SlimeState</Filter>
    </ClInclude>
    <ClInclude Include="..\Header\CSlimeIdleState.h">
      <Filter>03. GameObject\02. Monster\02. Slime\01. SlimeState</Filter>
    </ClInclude>
    <ClInclude Include="..\Header\CSlimeMob.h">
      <Filter>03. GameObject\02. Monster\02. Slime\01. SlimeState</Filter>
    </ClInclude>
    <ClInclude Include="..\Header\CSlimeWalkState.h">
      <Filter>03. GameObject\02. Monster\02. Slime\01. SlimeState</Filter>
    </ClInclude>
    <ClInclude Include="..\Header\CSheederWalkState.h">
      <Filter>03. GameObject\02. Monster\03. Sheeder\01. SheederState</Filter>
    </ClInclude>
    <ClInclude Include="..\Header\CSheederAttackState.h">
      <Filter>03. GameObject\02. Monster\03. Sheeder\01. SheederState</Filter>
    </ClInclude>
    <ClInclude Include="..\Header\CSheederIdleState.h">
      <Filter>03. GameObject\02. Monster\03. Sheeder\01. SheederState</Filter>
    </ClInclude>
    <ClInclude Include="..\Header\CSheederStateMachine.h">
      <Filter>03. GameObject\02. Monster\03. Sheeder\00. SheederStateMachine</Filter>
    </ClInclude>
    <ClInclude Include="..\Header\CState.h">
      <Filter>97. StateMachine\00. State</Filter>
    </ClInclude>
    <ClInclude Include="..\Header\CStateMachine.h">
      <Filter>97. StateMachine\01. StateMachine</Filter>
    </ClInclude>
    <ClInclude Include="..\Header\CMonsterState.h">
      <Filter>97. StateMachine\03. MonsterState</Filter>
    </ClInclude>
  </ItemGroup>
  <ItemGroup>
    <ClCompile Include="Moonlighter.cpp">
      <Filter>99. Include</Filter>
    </ClCompile>
    <ClCompile Include="pch.cpp">
      <Filter>99. Include</Filter>
    </ClCompile>
    <ClCompile Include="..\Code\CMainApp.cpp">
      <Filter>00. MainApp</Filter>
    </ClCompile>
    <ClCompile Include="..\Code\CDataManager.cpp">
      <Filter>01. Manager\00. DataManager</Filter>
    </ClCompile>
    <ClCompile Include="..\Code\CMainScene.cpp">
      <Filter>02. Scene</Filter>
    </ClCompile>
    <ClCompile Include="..\Code\CDynamicCamera.cpp">
      <Filter>03. GameObject\00. DynamicCamera</Filter>
    </ClCompile>
    <ClCompile Include="..\Code\CTestRect.cpp">
      <Filter>03. GameObject</Filter>
    </ClCompile>
    <ClCompile Include="..\Code\CExampleObject.cpp">
      <Filter>98. ImGui\EX_Object</Filter>
    </ClCompile>
    <ClCompile Include="..\Code\CExampleManager.cpp">
      <Filter>98. ImGui\EX_Manager</Filter>
    </ClCompile>
    <ClCompile Include="..\Code\CEditScene.cpp">
      <Filter>02. Scene\CEditScene</Filter>
    </ClCompile>
    <ClCompile Include="..\..\Reference\Header\imgui.cpp">
      <Filter>98. ImGui\Code</Filter>
    </ClCompile>
    <ClCompile Include="..\..\Reference\Header\imgui_demo.cpp">
      <Filter>98. ImGui\Code</Filter>
    </ClCompile>
    <ClCompile Include="..\..\Reference\Header\imgui_draw.cpp">
      <Filter>98. ImGui\Code</Filter>
    </ClCompile>
    <ClCompile Include="..\..\Reference\Header\imgui_impl_dx9.cpp">
      <Filter>98. ImGui\Code</Filter>
    </ClCompile>
    <ClCompile Include="..\..\Reference\Header\imgui_impl_win32.cpp">
      <Filter>98. ImGui\Code</Filter>
    </ClCompile>
    <ClCompile Include="..\..\Reference\Header\imgui_tables.cpp">
      <Filter>98. ImGui\Code</Filter>
    </ClCompile>
    <ClCompile Include="..\..\Reference\Header\imgui_widgets.cpp">
      <Filter>98. ImGui\Code</Filter>
    </ClCompile>
    <ClCompile Include="..\Code\CPlayerTestScene.cpp">
      <Filter>02. Scene\07. PlayerTestScene</Filter>
    </ClCompile>
    <ClCompile Include="..\Code\CPlayer.cpp">
      <Filter>03. GameObject\01. Player</Filter>
    </ClCompile>
    <ClCompile Include="..\Code\CUIInven.cpp">
      <Filter>03. GameObject\10. UI</Filter>
    </ClCompile>
    <ClCompile Include="..\Code\CUITestScene.cpp">
      <Filter>02. Scene\08. UITestScene</Filter>
    </ClCompile>
    <ClCompile Include="..\Code\CUIStatic.cpp">
      <Filter>03. GameObject\10. UI</Filter>
    </ClCompile>
    <ClCompile Include="..\Code\CTerrainVillage.cpp">
      <Filter>03. GameObject\TerrainVillage</Filter>
    </ClCompile>
    <ClCompile Include="..\Code\CEngineMediator.cpp">
      <Filter>98. ImGui\Mediator</Filter>
    </ClCompile>
    <ClCompile Include="..\Code\CMonsterTestScene.cpp">
      <Filter>02. Scene\03. MonsterTestScene</Filter>
    </ClCompile>
    <ClCompile Include="..\Code\CBoss.cpp">
      <Filter>03. GameObject\02. Monster\00. Boss</Filter>
    </ClCompile>
    <ClCompile Include="..\Code\CLoading.cpp">
      <Filter>97. Loading</Filter>
    </ClCompile>
    <ClCompile Include="..\Code\CBossAwakeState.cpp">
      <Filter>03. GameObject\02. Monster\00. Boss\01. BossState</Filter>
    </ClCompile>
    <ClCompile Include="..\Code\CBossDeadState.cpp">
      <Filter>03. GameObject\02. Monster\00. Boss\01. BossState</Filter>
    </ClCompile>
    <ClCompile Include="..\Code\CBossIdleState.cpp">
      <Filter>03. GameObject\02. Monster\00. Boss\01. BossState</Filter>
    </ClCompile>
    <ClCompile Include="..\Code\CBossJumpState.cpp">
      <Filter>03. GameObject\02. Monster\00. Boss\01. BossState</Filter>
    </ClCompile>
    <ClCompile Include="..\Code\CBossRootState.cpp">
      <Filter>03. GameObject\02. Monster\00. Boss\01. BossState</Filter>
    </ClCompile>
    <ClCompile Include="..\Code\CBossShakeState.cpp">
      <Filter>03. GameObject\02. Monster\00. Boss\01. BossState</Filter>
    </ClCompile>
    <ClCompile Include="..\Code\CBossThrowState.cpp">
      <Filter>03. GameObject\02. Monster\00. Boss\01. BossState</Filter>
    </ClCompile>
    <ClCompile Include="..\Code\CBossWalkState.cpp">
      <Filter>03. GameObject\02. Monster\00. Boss\01. BossState</Filter>
    </ClCompile>
    <ClCompile Include="..\Code\CBossStateMachine.cpp">
      <Filter>03. GameObject\02. Monster\00. Boss\00. BossStateMachine</Filter>
    </ClCompile>
    <ClCompile Include="..\Code\CTreeStateMachine.cpp">
      <Filter>03. GameObject\02. Monster\01. Tree\00. TreeStateMachine</Filter>
    </ClCompile>
    <ClCompile Include="..\Code\CTreeAwakeState.cpp">
      <Filter>03. GameObject\02. Monster\01. Tree\01. TreeState</Filter>
    </ClCompile>
    <ClCompile Include="..\Code\CTreeIdleState.cpp">
      <Filter>03. GameObject\02. Monster\01. Tree\01. TreeState</Filter>
    </ClCompile>
    <ClCompile Include="..\Code\CTreeMob.cpp">
      <Filter>03. GameObject\02. Monster\01. Tree\01. TreeState</Filter>
    </ClCompile>
    <ClCompile Include="..\Code\CTreeShakeState.cpp">
      <Filter>03. GameObject\02. Monster\01. Tree\01. TreeState</Filter>
    </ClCompile>
    <ClCompile Include="..\Code\CSlimeStateMachine.cpp">
      <Filter>03. GameObject\02. Monster\02. Slime\00. SlimeStateMachine</Filter>
    </ClCompile>
    <ClCompile Include="..\Code\CSlimeBigState.cpp">
      <Filter>03. GameObject\02. Monster\02. Slime\01. SlimeState</Filter>
    </ClCompile>
    <ClCompile Include="..\Code\CSlimeCircleState.cpp">
      <Filter>03. GameObject\02. Monster\02. Slime\01. SlimeState</Filter>
    </ClCompile>
    <ClCompile Include="..\Code\CSlimeIdleState.cpp">
      <Filter>03. GameObject\02. Monster\02. Slime\01. SlimeState</Filter>
    </ClCompile>
    <ClCompile Include="..\Code\CSlimeMob.cpp">
      <Filter>03. GameObject\02. Monster\02. Slime\01. SlimeState</Filter>
    </ClCompile>
    <ClCompile Include="..\Code\CSlimeWalkState.cpp">
      <Filter>03. GameObject\02. Monster\02. Slime\01. SlimeState</Filter>
    </ClCompile>
    <ClCompile Include="..\Code\CSheederAttackState.cpp">
      <Filter>03. GameObject\02. Monster\03. Sheeder\01. SheederState</Filter>
    </ClCompile>
    <ClCompile Include="..\Code\CSheederIdleState.cpp">
      <Filter>03. GameObject\02. Monster\03. Sheeder\01. SheederState</Filter>
    </ClCompile>
    <ClCompile Include="..\Code\CSheederWalkState.cpp">
      <Filter>03. GameObject\02. Monster\03. Sheeder\01. SheederState</Filter>
    </ClCompile>
    <ClCompile Include="..\Code\CSheederStateMachine.cpp">
      <Filter>03. GameObject\02. Monster\03. Sheeder\00. SheederStateMachine</Filter>
    </ClCompile>
    <ClCompile Include="..\Code\CState.cpp">
      <Filter>97. StateMachine\00. State</Filter>
    </ClCompile>
    <ClCompile Include="..\Code\CStateMachine.cpp">
      <Filter>97. StateMachine\01. StateMachine</Filter>
    </ClCompile>
    <ClCompile Include="..\Code\CMonsterState.cpp">
      <Filter>97. StateMachine\03. MonsterState</Filter>
    </ClCompile>
  </ItemGroup>
  <ItemGroup>
    <ResourceCompile Include="Moonlighter.rc">
      <Filter>리소스 파일</Filter>
    </ResourceCompile>
  </ItemGroup>
  <ItemGroup>
    <Image Include="small.ico">
      <Filter>리소스 파일</Filter>
    </Image>
    <Image Include="Moonlighter.ico">
      <Filter>리소스 파일</Filter>
    </Image>
  </ItemGroup>
</Project>